
Microsoft Visual Studio Solution File, Format Version 12.00
# Visual Studio Version 17
VisualStudioVersion = 17.9.34728.123
MinimumVisualStudioVersion = 10.0.40219.1
Project("{FAE04EC0-301F-11D3-BF4B-00C04F79EFBC}") = "BloodDonation", "BloodDonation.csproj", "{63D6F199-AAB4-49C9-9BEA-F9ED607981DA}"
EndProject
Project("{FAE04EC0-301F-11D3-BF4B-00C04F79EFBC}") = "BloodDonation.models", "..\BloodDonation.models\BloodDonation.models.csproj", "{98D80917-BE1A-4644-B5CA-8DC1AAB7227C}"
EndProject
Global
	GlobalSection(SolutionConfigurationPlatforms) = preSolution
		Debug|Any CPU = Debug|Any CPU
		Release|Any CPU = Release|Any CPU
	EndGlobalSection
	GlobalSection(ProjectConfigurationPlatforms) = postSolution
		{63D6F199-AAB4-49C9-9BEA-F9ED607981DA}.Debug|Any CPU.ActiveCfg = Debug|Any CPU
		{63D6F199-AAB4-49C9-9BEA-F9ED607981DA}.Debug|Any CPU.Build.0 = Debug|Any CPU
		{63D6F199-AAB4-49C9-9BEA-F9ED607981DA}.Release|Any CPU.ActiveCfg = Release|Any CPU
		{63D6F199-AAB4-49C9-9BEA-F9ED607981DA}.Release|Any CPU.Build.0 = Release|Any CPU
		{98D80917-BE1A-4644-B5CA-8DC1AAB7227C}.Debug|Any CPU.ActiveCfg = Debug|Any CPU
		{98D80917-BE1A-4644-B5CA-8DC1AAB7227C}.Debug|Any CPU.Build.0 = Debug|Any CPU
		{98D80917-BE1A-4644-B5CA-8DC1AAB7227C}.Release|Any CPU.ActiveCfg = Release|Any CPU
		{98D80917-BE1A-4644-B5CA-8DC1AAB7227C}.Release|Any CPU.Build.0 = Release|Any CPU
	EndGlobalSection
	GlobalSection(SolutionProperties) = preSolution
		HideSolutionNode = FALSE
	EndGlobalSection
	GlobalSection(ExtensibilityGlobals) = postSolution
		SolutionGuid = {21A8BEF5-D472-4591-B989-2732954EE912}
	EndGlobalSection
EndGlobal
